
Microsoft Visual Studio Solution File, Format Version 12.00
# Visual Studio Version 17
VisualStudioVersion = 17.11.35222.181
MinimumVisualStudioVersion = 10.0.40219.1
Project("{FAE04EC0-301F-11D3-BF4B-00C04F79EFBC}") = "HomeWork3", "HomeWork3\HomeWork3.csproj", "{88E3DA86-9ABE-4506-8BA3-B1480AE46C0C}"
EndProject
Global
	GlobalSection(SolutionConfigurationPlatforms) = preSolution
		Debug|Any CPU = Debug|Any CPU
		Release|Any CPU = Release|Any CPU
	EndGlobalSection
	GlobalSection(ProjectConfigurationPlatforms) = postSolution
		{88E3DA86-9ABE-4506-8BA3-B1480AE46C0C}.Debug|Any CPU.ActiveCfg = Debug|Any CPU
		{88E3DA86-9ABE-4506-8BA3-B1480AE46C0C}.Debug|Any CPU.Build.0 = Debug|Any CPU
		{88E3DA86-9ABE-4506-8BA3-B1480AE46C0C}.Release|Any CPU.ActiveCfg = Release|Any CPU
		{88E3DA86-9ABE-4506-8BA3-B1480AE46C0C}.Release|Any CPU.Build.0 = Release|Any CPU
	EndGlobalSection
	GlobalSection(SolutionProperties) = preSolution
		HideSolutionNode = FALSE
	EndGlobalSection
	GlobalSection(ExtensibilityGlobals) = postSolution
		SolutionGuid = {05C2B3DD-3D79-4F73-BE49-D5B56B2FF148}
	EndGlobalSection
EndGlobal
